
Microsoft Visual Studio Solution File, Format Version 12.00
# Visual Studio Version 17
VisualStudioVersion = 17.11.35312.102
MinimumVisualStudioVersion = 10.0.40219.1
Project("{FAE04EC0-301F-11D3-BF4B-00C04F79EFBC}") = "GenericRepositoryAPI", "GenericRepositoryAPI.csproj", "{96C6F1AA-2567-4076-96DA-0485BAB751CF}"
EndProject
Global
	GlobalSection(SolutionConfigurationPlatforms) = preSolution
		Debug|Any CPU = Debug|Any CPU
		Release|Any CPU = Release|Any CPU
	EndGlobalSection
	GlobalSection(ProjectConfigurationPlatforms) = postSolution
		{96C6F1AA-2567-4076-96DA-0485BAB751CF}.Debug|Any CPU.ActiveCfg = Debug|Any CPU
		{96C6F1AA-2567-4076-96DA-0485BAB751CF}.Debug|Any CPU.Build.0 = Debug|Any CPU
		{96C6F1AA-2567-4076-96DA-0485BAB751CF}.Release|Any CPU.ActiveCfg = Release|Any CPU
		{96C6F1AA-2567-4076-96DA-0485BAB751CF}.Release|Any CPU.Build.0 = Release|Any CPU
	EndGlobalSection
	GlobalSection(SolutionProperties) = preSolution
		HideSolutionNode = FALSE
	EndGlobalSection
	GlobalSection(ExtensibilityGlobals) = postSolution
		SolutionGuid = {A31A6987-4CDF-4623-8053-59EC7D6DC5AD}
	EndGlobalSection
EndGlobal
